// !$*UTF8*$!
{
	archiveVersion = 1;
	classes = {
	};
	objectVersion = 51;
	objects = {

/* Begin PBXBuildFile section */
		52696D9D29362F7700D4EB60 /* AppDelegate.swift in Sources */ = {isa = PBXBuildFile; fileRef = 52696D9C29362F7700D4EB60 /* AppDelegate.swift */; };
		52696D9F29362F7700D4EB60 /* SceneDelegate.swift in Sources */ = {isa = PBXBuildFile; fileRef = 52696D9E29362F7700D4EB60 /* SceneDelegate.swift */; };
		52696DA629362F7900D4EB60 /* Assets.xcassets in Resources */ = {isa = PBXBuildFile; fileRef = 52696DA529362F7900D4EB60 /* Assets.xcassets */; };
		52696DA929362F7900D4EB60 /* LaunchScreen.storyboard in Resources */ = {isa = PBXBuildFile; fileRef = 52696DA729362F7900D4EB60 /* LaunchScreen.storyboard */; };
		52696DB429362FBD00D4EB60 /* TasksVC.swift in Sources */ = {isa = PBXBuildFile; fileRef = 52696DB329362FBD00D4EB60 /* TasksVC.swift */; };
		52696DB729362FC700D4EB60 /* TasksTableCell.swift in Sources */ = {isa = PBXBuildFile; fileRef = 52696DB629362FC700D4EB60 /* TasksTableCell.swift */; };
		52696DBB29362FF400D4EB60 /* TaskModel.swift in Sources */ = {isa = PBXBuildFile; fileRef = 52696DBA29362FF400D4EB60 /* TaskModel.swift */; };
		52696DC12936305C00D4EB60 /* Main.storyboard in Resources */ = {isa = PBXBuildFile; fileRef = 52696DC02936305C00D4EB60 /* Main.storyboard */; };
		52696DC629365DD700D4EB60 /* Enums.swift in Sources */ = {isa = PBXBuildFile; fileRef = 52696DC529365DD700D4EB60 /* Enums.swift */; };
		529C719E2937B4AE00D1551F /* ForgotPasswordVC.swift in Sources */ = {isa = PBXBuildFile; fileRef = 529C719D2937B4AE00D1551F /* ForgotPasswordVC.swift */; };
		529C71BC2937CB0C00D1551F /* AlertUtility.swift in Sources */ = {isa = PBXBuildFile; fileRef = 529C71BB2937CB0C00D1551F /* AlertUtility.swift */; };
		52B92B2C2938B21E006DDA8A /* FirebaseManager.swift in Sources */ = {isa = PBXBuildFile; fileRef = 52B92B2B2938B21E006DDA8A /* FirebaseManager.swift */; };
		52B92B4629390A48006DDA8A /* NetworkUtility.swift in Sources */ = {isa = PBXBuildFile; fileRef = 52B92B4529390A48006DDA8A /* NetworkUtility.swift */; };
		52B92B5D2939AAFB006DDA8A /* ValidationResult.swift in Sources */ = {isa = PBXBuildFile; fileRef = 52B92B5C2939AAFB006DDA8A /* ValidationResult.swift */; };
		52B92B632939ABBD006DDA8A /* EmailValidation.swift in Sources */ = {isa = PBXBuildFile; fileRef = 52B92B622939ABBD006DDA8A /* EmailValidation.swift */; };
		52B92B662939AE77006DDA8A /* Extensions.swift in Sources */ = {isa = PBXBuildFile; fileRef = 52B92B652939AE77006DDA8A /* Extensions.swift */; };
		52B92B6A2939B5FA006DDA8A /* PasswordValidation.swift in Sources */ = {isa = PBXBuildFile; fileRef = 52B92B692939B5FA006DDA8A /* PasswordValidation.swift */; };
		52B92B812939B924006DDA8A /* ErrorTexts.swift in Sources */ = {isa = PBXBuildFile; fileRef = 52B92B802939B924006DDA8A /* ErrorTexts.swift */; };
		52B92B982939DB6C006DDA8A /* NameValidation.swift in Sources */ = {isa = PBXBuildFile; fileRef = 52B92B972939DB6C006DDA8A /* NameValidation.swift */; };
		52B92B9B2939DD29006DDA8A /* PhoneNoValidation.swift in Sources */ = {isa = PBXBuildFile; fileRef = 52B92B9A2939DD29006DDA8A /* PhoneNoValidation.swift */; };
		52B92BA02939FF9B006DDA8A /* TaskManager.swift in Sources */ = {isa = PBXBuildFile; fileRef = 52B92B9F2939FF9B006DDA8A /* TaskManager.swift */; };
		52CD80F42936FDB700529D3C /* GoogleService-Info.plist in Resources */ = {isa = PBXBuildFile; fileRef = 52CD80F32936FDB600529D3C /* GoogleService-Info.plist */; };
		52CD80F82937038700529D3C /* LogInVC.swift in Sources */ = {isa = PBXBuildFile; fileRef = 52CD80F72937038700529D3C /* LogInVC.swift */; };
		52CD80FB293703A900529D3C /* SignUpVC.swift in Sources */ = {isa = PBXBuildFile; fileRef = 52CD80FA293703A900529D3C /* SignUpVC.swift */; };
		52CD810329370FB300529D3C /* ProgressHUD.swift in Sources */ = {isa = PBXBuildFile; fileRef = 52CD810229370FB200529D3C /* ProgressHUD.swift */; };
		52CD814029373ABB00529D3C /* Constants.swift in Sources */ = {isa = PBXBuildFile; fileRef = 52CD813F29373ABB00529D3C /* Constants.swift */; };
		8991B312AA39CBE8D3889DF5 /* Pods_omninosIosTest.framework in Frameworks */ = {isa = PBXBuildFile; fileRef = 1BAA815A0DFB5B65CE203646 /* Pods_omninosIosTest.framework */; };
/* End PBXBuildFile section */

/* Begin PBXFileReference section */
		1BAA815A0DFB5B65CE203646 /* Pods_omninosIosTest.framework */ = {isa = PBXFileReference; explicitFileType = wrapper.framework; includeInIndex = 0; path = Pods_omninosIosTest.framework; sourceTree = BUILT_PRODUCTS_DIR; };
		52696D9929362F7700D4EB60 /* omninosIosTest.app */ = {isa = PBXFileReference; explicitFileType = wrapper.application; includeInIndex = 0; path = omninosIosTest.app; sourceTree = BUILT_PRODUCTS_DIR; };
		52696D9C29362F7700D4EB60 /* AppDelegate.swift */ = {isa = PBXFileReference; lastKnownFileType = sourcecode.swift; path = AppDelegate.swift; sourceTree = "<group>"; };
		52696D9E29362F7700D4EB60 /* SceneDelegate.swift */ = {isa = PBXFileReference; lastKnownFileType = sourcecode.swift; path = SceneDelegate.swift; sourceTree = "<group>"; };
		52696DA529362F7900D4EB60 /* Assets.xcassets */ = {isa = PBXFileReference; lastKnownFileType = folder.assetcatalog; path = Assets.xcassets; sourceTree = "<group>"; };
		52696DA829362F7900D4EB60 /* Base */ = {isa = PBXFileReference; lastKnownFileType = file.storyboard; name = Base; path = Base.lproj/LaunchScreen.storyboard; sourceTree = "<group>"; };
		52696DAA29362F7900D4EB60 /* Info.plist */ = {isa = PBXFileReference; lastKnownFileType = text.plist.xml; path = Info.plist; sourceTree = "<group>"; };
		52696DB329362FBD00D4EB60 /* TasksVC.swift */ = {isa = PBXFileReference; fileEncoding = 4; lastKnownFileType = sourcecode.swift; path = TasksVC.swift; sourceTree = "<group>"; };
		52696DB629362FC700D4EB60 /* TasksTableCell.swift */ = {isa = PBXFileReference; fileEncoding = 4; lastKnownFileType = sourcecode.swift; path = TasksTableCell.swift; sourceTree = "<group>"; };
		52696DBA29362FF400D4EB60 /* TaskModel.swift */ = {isa = PBXFileReference; fileEncoding = 4; lastKnownFileType = sourcecode.swift; path = TaskModel.swift; sourceTree = "<group>"; };
		52696DC02936305C00D4EB60 /* Main.storyboard */ = {isa = PBXFileReference; fileEncoding = 4; lastKnownFileType = file.storyboard; path = Main.storyboard; sourceTree = "<group>"; };
		52696DC529365DD700D4EB60 /* Enums.swift */ = {isa = PBXFileReference; lastKnownFileType = sourcecode.swift; path = Enums.swift; sourceTree = "<group>"; };
		529C719D2937B4AE00D1551F /* ForgotPasswordVC.swift */ = {isa = PBXFileReference; lastKnownFileType = sourcecode.swift; path = ForgotPasswordVC.swift; sourceTree = "<group>"; };
		529C71BB2937CB0C00D1551F /* AlertUtility.swift */ = {isa = PBXFileReference; fileEncoding = 4; lastKnownFileType = sourcecode.swift; path = AlertUtility.swift; sourceTree = "<group>"; };
		52B92B2B2938B21E006DDA8A /* FirebaseManager.swift */ = {isa = PBXFileReference; lastKnownFileType = sourcecode.swift; path = FirebaseManager.swift; sourceTree = "<group>"; };
		52B92B4529390A48006DDA8A /* NetworkUtility.swift */ = {isa = PBXFileReference; fileEncoding = 4; lastKnownFileType = sourcecode.swift; path = NetworkUtility.swift; sourceTree = "<group>"; };
		52B92B5C2939AAFB006DDA8A /* ValidationResult.swift */ = {isa = PBXFileReference; lastKnownFileType = sourcecode.swift; path = ValidationResult.swift; sourceTree = "<group>"; };
		52B92B622939ABBD006DDA8A /* EmailValidation.swift */ = {isa = PBXFileReference; lastKnownFileType = sourcecode.swift; path = EmailValidation.swift; sourceTree = "<group>"; };
		52B92B652939AE77006DDA8A /* Extensions.swift */ = {isa = PBXFileReference; lastKnownFileType = sourcecode.swift; path = Extensions.swift; sourceTree = "<group>"; };
		52B92B692939B5FA006DDA8A /* PasswordValidation.swift */ = {isa = PBXFileReference; lastKnownFileType = sourcecode.swift; path = PasswordValidation.swift; sourceTree = "<group>"; };
		52B92B802939B924006DDA8A /* ErrorTexts.swift */ = {isa = PBXFileReference; lastKnownFileType = sourcecode.swift; path = ErrorTexts.swift; sourceTree = "<group>"; };
		52B92B972939DB6C006DDA8A /* NameValidation.swift */ = {isa = PBXFileReference; lastKnownFileType = sourcecode.swift; path = NameValidation.swift; sourceTree = "<group>"; };
		52B92B9A2939DD29006DDA8A /* PhoneNoValidation.swift */ = {isa = PBXFileReference; lastKnownFileType = sourcecode.swift; path = PhoneNoValidation.swift; sourceTree = "<group>"; };
		52B92B9F2939FF9B006DDA8A /* TaskManager.swift */ = {isa = PBXFileReference; lastKnownFileType = sourcecode.swift; path = TaskManager.swift; sourceTree = "<group>"; };
		52CD80F32936FDB600529D3C /* GoogleService-Info.plist */ = {isa = PBXFileReference; fileEncoding = 4; lastKnownFileType = text.plist.xml; path = "GoogleService-Info.plist"; sourceTree = "<group>"; };
		52CD80F72937038700529D3C /* LogInVC.swift */ = {isa = PBXFileReference; lastKnownFileType = sourcecode.swift; path = LogInVC.swift; sourceTree = "<group>"; };
		52CD80FA293703A900529D3C /* SignUpVC.swift */ = {isa = PBXFileReference; lastKnownFileType = sourcecode.swift; path = SignUpVC.swift; sourceTree = "<group>"; };
		52CD810229370FB200529D3C /* ProgressHUD.swift */ = {isa = PBXFileReference; fileEncoding = 4; lastKnownFileType = sourcecode.swift; path = ProgressHUD.swift; sourceTree = "<group>"; };
		52CD813F29373ABB00529D3C /* Constants.swift */ = {isa = PBXFileReference; lastKnownFileType = sourcecode.swift; path = Constants.swift; sourceTree = "<group>"; };
		93C16313DF8AC0702ED3B956 /* Pods-omninosIosTest.debug.xcconfig */ = {isa = PBXFileReference; includeInIndex = 1; lastKnownFileType = text.xcconfig; name = "Pods-omninosIosTest.debug.xcconfig"; path = "Target Support Files/Pods-omninosIosTest/Pods-omninosIosTest.debug.xcconfig"; sourceTree = "<group>"; };
		DE96C4CF9BD3EB0D97D51906 /* Pods-omninosIosTest.release.xcconfig */ = {isa = PBXFileReference; includeInIndex = 1; lastKnownFileType = text.xcconfig; name = "Pods-omninosIosTest.release.xcconfig"; path = "Target Support Files/Pods-omninosIosTest/Pods-omninosIosTest.release.xcconfig"; sourceTree = "<group>"; };
/* End PBXFileReference section */

/* Begin PBXFrameworksBuildPhase section */
		52696D9629362F7700D4EB60 /* Frameworks */ = {
			isa = PBXFrameworksBuildPhase;
			buildActionMask = 2147483647;
			files = (
				8991B312AA39CBE8D3889DF5 /* Pods_omninosIosTest.framework in Frameworks */,
			);
			runOnlyForDeploymentPostprocessing = 0;
		};
/* End PBXFrameworksBuildPhase section */

/* Begin PBXGroup section */
		483694D739A1667A43EBCC0A /* Frameworks */ = {
			isa = PBXGroup;
			children = (
				1BAA815A0DFB5B65CE203646 /* Pods_omninosIosTest.framework */,
			);
			name = Frameworks;
			sourceTree = "<group>";
		};
		52696D9029362F7700D4EB60 = {
			isa = PBXGroup;
			children = (
				52696D9B29362F7700D4EB60 /* omninosIosTest */,
				52696D9A29362F7700D4EB60 /* Products */,
				C08D2BEF2CF75A14DF3537E9 /* Pods */,
				483694D739A1667A43EBCC0A /* Frameworks */,
			);
			sourceTree = "<group>";
		};
		52696D9A29362F7700D4EB60 /* Products */ = {
			isa = PBXGroup;
			children = (
				52696D9929362F7700D4EB60 /* omninosIosTest.app */,
			);
			name = Products;
			sourceTree = "<group>";
		};
		52696D9B29362F7700D4EB60 /* omninosIosTest */ = {
			isa = PBXGroup;
			children = (
				52696D9C29362F7700D4EB60 /* AppDelegate.swift */,
				52696D9E29362F7700D4EB60 /* SceneDelegate.swift */,
				52696DBD29362FF900D4EB60 /* Model */,
				52696DB229362F9A00D4EB60 /* View */,
				52696DB929362FCF00D4EB60 /* Controller */,
				52CD810529370FBB00529D3C /* Helper */,
				529C71BE2937CCD100D1551F /* Utility */,
				52B92B2E2938B22E006DDA8A /* Firebase */,
				52B92B5F2939AB00006DDA8A /* Validation */,
				52696DC529365DD700D4EB60 /* Enums.swift */,
				52B92B652939AE77006DDA8A /* Extensions.swift */,
				52CD813F29373ABB00529D3C /* Constants.swift */,
				52696DAA29362F7900D4EB60 /* Info.plist */,
			);
			path = omninosIosTest;
			sourceTree = "<group>";
		};
		52696DB229362F9A00D4EB60 /* View */ = {
			isa = PBXGroup;
			children = (
				52696DC02936305C00D4EB60 /* Main.storyboard */,
				52696DA729362F7900D4EB60 /* LaunchScreen.storyboard */,
				52696DA529362F7900D4EB60 /* Assets.xcassets */,
			);
			path = View;
			sourceTree = "<group>";
		};
		52696DB929362FCF00D4EB60 /* Controller */ = {
			isa = PBXGroup;
			children = (
				52CD80F72937038700529D3C /* LogInVC.swift */,
				529C719D2937B4AE00D1551F /* ForgotPasswordVC.swift */,
				529C719A2937B12A00D1551F /* AddTask */,
				52CD80FA293703A900529D3C /* SignUpVC.swift */,
			);
			path = Controller;
			sourceTree = "<group>";
		};
		52696DBD29362FF900D4EB60 /* Model */ = {
			isa = PBXGroup;
			children = (
				52696DBA29362FF400D4EB60 /* TaskModel.swift */,
				52B92B9F2939FF9B006DDA8A /* TaskManager.swift */,
			);
			path = Model;
			sourceTree = "<group>";
		};
		529C719A2937B12A00D1551F /* AddTask */ = {
			isa = PBXGroup;
			children = (
				52696DB329362FBD00D4EB60 /* TasksVC.swift */,
				52696DB629362FC700D4EB60 /* TasksTableCell.swift */,
			);
			path = AddTask;
			sourceTree = "<group>";
		};
		529C71BE2937CCD100D1551F /* Utility */ = {
			isa = PBXGroup;
			children = (
				52B92B4529390A48006DDA8A /* NetworkUtility.swift */,
				529C71BB2937CB0C00D1551F /* AlertUtility.swift */,
			);
			path = Utility;
			sourceTree = "<group>";
		};
		52B92B2E2938B22E006DDA8A /* Firebase */ = {
			isa = PBXGroup;
			children = (
				52B92B2B2938B21E006DDA8A /* FirebaseManager.swift */,
				52CD80F32936FDB600529D3C /* GoogleService-Info.plist */,
			);
			path = Firebase;
			sourceTree = "<group>";
		};
		52B92B5F2939AB00006DDA8A /* Validation */ = {
			isa = PBXGroup;
			children = (
				52B92B5C2939AAFB006DDA8A /* ValidationResult.swift */,
				52B92B802939B924006DDA8A /* ErrorTexts.swift */,
				52B92B622939ABBD006DDA8A /* EmailValidation.swift */,
				52B92B692939B5FA006DDA8A /* PasswordValidation.swift */,
				52B92B972939DB6C006DDA8A /* NameValidation.swift */,
				52B92B9A2939DD29006DDA8A /* PhoneNoValidation.swift */,
			);
			path = Validation;
			sourceTree = "<group>";
		};
		52CD810529370FBB00529D3C /* Helper */ = {
			isa = PBXGroup;
			children = (
				52CD810229370FB200529D3C /* ProgressHUD.swift */,
			);
			path = Helper;
			sourceTree = "<group>";
		};
		C08D2BEF2CF75A14DF3537E9 /* Pods */ = {
			isa = PBXGroup;
			children = (
				93C16313DF8AC0702ED3B956 /* Pods-omninosIosTest.debug.xcconfig */,
				DE96C4CF9BD3EB0D97D51906 /* Pods-omninosIosTest.release.xcconfig */,
			);
			path = Pods;
			sourceTree = "<group>";
		};
/* End PBXGroup section */

/* Begin PBXNativeTarget section */
		52696D9829362F7700D4EB60 /* omninosIosTest */ = {
			isa = PBXNativeTarget;
			buildConfigurationList = 52696DAD29362F7900D4EB60 /* Build configuration list for PBXNativeTarget "omninosIosTest" */;
			buildPhases = (
				7F19DEB8A37BFAC73AD7FCB7 /* [CP] Check Pods Manifest.lock */,
				52696D9529362F7700D4EB60 /* Sources */,
				52696D9629362F7700D4EB60 /* Frameworks */,
				52696D9729362F7700D4EB60 /* Resources */,
				96976E791DBCF2345A535BAD /* [CP] Embed Pods Frameworks */,
			);
			buildRules = (
			);
			dependencies = (
			);
			name = omninosIosTest;
			productName = omninosIosTest;
			productReference = 52696D9929362F7700D4EB60 /* omninosIosTest.app */;
			productType = "com.apple.product-type.application";
		};
/* End PBXNativeTarget section */

/* Begin PBXProject section */
		52696D9129362F7700D4EB60 /* Project object */ = {
			isa = PBXProject;
			attributes = {
				LastSwiftUpdateCheck = 1200;
				LastUpgradeCheck = 1200;
				TargetAttributes = {
					52696D9829362F7700D4EB60 = {
						CreatedOnToolsVersion = 12.0.1;
					};
				};
			};
			buildConfigurationList = 52696D9429362F7700D4EB60 /* Build configuration list for PBXProject "omninosIosTest" */;
			compatibilityVersion = "Xcode 9.3";
			developmentRegion = en;
			hasScannedForEncodings = 0;
			knownRegions = (
				en,
				Base,
			);
			mainGroup = 52696D9029362F7700D4EB60;
			productRefGroup = 52696D9A29362F7700D4EB60 /* Products */;
			projectDirPath = "";
			projectRoot = "";
			targets = (
				52696D9829362F7700D4EB60 /* omninosIosTest */,
			);
		};
/* End PBXProject section */

/* Begin PBXResourcesBuildPhase section */
		52696D9729362F7700D4EB60 /* Resources */ = {
			isa = PBXResourcesBuildPhase;
			buildActionMask = 2147483647;
			files = (
				52696DC12936305C00D4EB60 /* Main.storyboard in Resources */,
				52CD80F42936FDB700529D3C /* GoogleService-Info.plist in Resources */,
				52696DA929362F7900D4EB60 /* LaunchScreen.storyboard in Resources */,
				52696DA629362F7900D4EB60 /* Assets.xcassets in Resources */,
			);
			runOnlyForDeploymentPostprocessing = 0;
		};
/* End PBXResourcesBuildPhase section */

/* Begin PBXShellScriptBuildPhase section */
		7F19DEB8A37BFAC73AD7FCB7 /* [CP] Check Pods Manifest.lock */ = {
			isa = PBXShellScriptBuildPhase;
			buildActionMask = 2147483647;
			files = (
			);
			inputFileListPaths = (
			);
			inputPaths = (
				"${PODS_PODFILE_DIR_PATH}/Podfile.lock",
				"${PODS_ROOT}/Manifest.lock",
			);
			name = "[CP] Check Pods Manifest.lock";
			outputFileListPaths = (
			);
			outputPaths = (
				"$(DERIVED_FILE_DIR)/Pods-omninosIosTest-checkManifestLockResult.txt",
			);
			runOnlyForDeploymentPostprocessing = 0;
			shellPath = /bin/sh;
			shellScript = "diff \"${PODS_PODFILE_DIR_PATH}/Podfile.lock\" \"${PODS_ROOT}/Manifest.lock\" > /dev/null\nif [ $? != 0 ] ; then\n    # print error to STDERR\n    echo \"error: The sandbox is not in sync with the Podfile.lock. Run 'pod install' or update your CocoaPods installation.\" >&2\n    exit 1\nfi\n# This output is used by Xcode 'outputs' to avoid re-running this script phase.\necho \"SUCCESS\" > \"${SCRIPT_OUTPUT_FILE_0}\"\n";
			showEnvVarsInLog = 0;
		};
		96976E791DBCF2345A535BAD /* [CP] Embed Pods Frameworks */ = {
			isa = PBXShellScriptBuildPhase;
			buildActionMask = 2147483647;
			files = (
			);
			inputFileListPaths = (
				"${PODS_ROOT}/Target Support Files/Pods-omninosIosTest/Pods-omninosIosTest-frameworks-${CONFIGURATION}-input-files.xcfilelist",
			);
			name = "[CP] Embed Pods Frameworks";
			outputFileListPaths = (
				"${PODS_ROOT}/Target Support Files/Pods-omninosIosTest/Pods-omninosIosTest-frameworks-${CONFIGURATION}-output-files.xcfilelist",
			);
			runOnlyForDeploymentPostprocessing = 0;
			shellPath = /bin/sh;
			shellScript = "\"${PODS_ROOT}/Target Support Files/Pods-omninosIosTest/Pods-omninosIosTest-frameworks.sh\"\n";
			showEnvVarsInLog = 0;
		};
/* End PBXShellScriptBuildPhase section */

/* Begin PBXSourcesBuildPhase section */
		52696D9529362F7700D4EB60 /* Sources */ = {
			isa = PBXSourcesBuildPhase;
			buildActionMask = 2147483647;
			files = (
				52CD80FB293703A900529D3C /* SignUpVC.swift in Sources */,
				52B92B662939AE77006DDA8A /* Extensions.swift in Sources */,
				52B92B2C2938B21E006DDA8A /* FirebaseManager.swift in Sources */,
				529C71BC2937CB0C00D1551F /* AlertUtility.swift in Sources */,
				52B92B4629390A48006DDA8A /* NetworkUtility.swift in Sources */,
				529C719E2937B4AE00D1551F /* ForgotPasswordVC.swift in Sources */,
				52696D9D29362F7700D4EB60 /* AppDelegate.swift in Sources */,
				52696DB729362FC700D4EB60 /* TasksTableCell.swift in Sources */,
				52696DBB29362FF400D4EB60 /* TaskModel.swift in Sources */,
				52B92B9B2939DD29006DDA8A /* PhoneNoValidation.swift in Sources */,
				52CD80F82937038700529D3C /* LogInVC.swift in Sources */,
				52B92B982939DB6C006DDA8A /* NameValidation.swift in Sources */,
				52696DB429362FBD00D4EB60 /* TasksVC.swift in Sources */,
				52B92B5D2939AAFB006DDA8A /* ValidationResult.swift in Sources */,
				52B92BA02939FF9B006DDA8A /* TaskManager.swift in Sources */,
				52B92B632939ABBD006DDA8A /* EmailValidation.swift in Sources */,
				52696DC629365DD700D4EB60 /* Enums.swift in Sources */,
				52B92B6A2939B5FA006DDA8A /* PasswordValidation.swift in Sources */,
				52CD810329370FB300529D3C /* ProgressHUD.swift in Sources */,
				52B92B812939B924006DDA8A /* ErrorTexts.swift in Sources */,
				52696D9F29362F7700D4EB60 /* SceneDelegate.swift in Sources */,
				52CD814029373ABB00529D3C /* Constants.swift in Sources */,
			);
			runOnlyForDeploymentPostprocessing = 0;
		};
/* End PBXSourcesBuildPhase section */

/* Begin PBXVariantGroup section */
		52696DA729362F7900D4EB60 /* LaunchScreen.storyboard */ = {
			isa = PBXVariantGroup;
			children = (
				52696DA829362F7900D4EB60 /* Base */,
			);
			name = LaunchScreen.storyboard;
			sourceTree = "<group>";
		};
/* End PBXVariantGroup section */

/* Begin XCBuildConfiguration section */
		52696DAB29362F7900D4EB60 /* Debug */ = {
			isa = XCBuildConfiguration;
			buildSettings = {
				ALWAYS_SEARCH_USER_PATHS = NO;
				CLANG_ANALYZER_NONNULL = YES;
				CLANG_ANALYZER_NUMBER_OBJECT_CONVERSION = YES_AGGRESSIVE;
				CLANG_CXX_LANGUAGE_STANDARD = "gnu++14";
				CLANG_CXX_LIBRARY = "libc++";
				CLANG_ENABLE_MODULES = YES;
				CLANG_ENABLE_OBJC_ARC = YES;
				CLANG_ENABLE_OBJC_WEAK = YES;
				CLANG_WARN_BLOCK_CAPTURE_AUTORELEASING = YES;
				CLANG_WARN_BOOL_CONVERSION = YES;
				CLANG_WARN_COMMA = YES;
				CLANG_WARN_CONSTANT_CONVERSION = YES;
				CLANG_WARN_DEPRECATED_OBJC_IMPLEMENTATIONS = YES;
				CLANG_WARN_DIRECT_OBJC_ISA_USAGE = YES_ERROR;
				CLANG_WARN_DOCUMENTATION_COMMENTS = YES;
				CLANG_WARN_EMPTY_BODY = YES;
				CLANG_WARN_ENUM_CONVERSION = YES;
				CLANG_WARN_INFINITE_RECURSION = YES;
				CLANG_WARN_INT_CONVERSION = YES;
				CLANG_WARN_NON_LITERAL_NULL_CONVERSION = YES;
				CLANG_WARN_OBJC_IMPLICIT_RETAIN_SELF = YES;
				CLANG_WARN_OBJC_LITERAL_CONVERSION = YES;
				CLANG_WARN_OBJC_ROOT_CLASS = YES_ERROR;
				CLANG_WARN_QUOTED_INCLUDE_IN_FRAMEWORK_HEADER = YES;
				CLANG_WARN_RANGE_LOOP_ANALYSIS = YES;
				CLANG_WARN_STRICT_PROTOTYPES = YES;
				CLANG_WARN_SUSPICIOUS_MOVE = YES;
				CLANG_WARN_UNGUARDED_AVAILABILITY = YES_AGGRESSIVE;
				CLANG_WARN_UNREACHABLE_CODE = YES;
				CLANG_WARN__DUPLICATE_METHOD_MATCH = YES;
				COPY_PHASE_STRIP = NO;
				DEBUG_INFORMATION_FORMAT = dwarf;
				ENABLE_STRICT_OBJC_MSGSEND = YES;
				ENABLE_TESTABILITY = YES;
				GCC_C_LANGUAGE_STANDARD = gnu11;
				GCC_DYNAMIC_NO_PIC = NO;
				GCC_NO_COMMON_BLOCKS = YES;
				GCC_OPTIMIZATION_LEVEL = 0;
				GCC_PREPROCESSOR_DEFINITIONS = (
					"DEBUG=1",
					"$(inherited)",
				);
				GCC_WARN_64_TO_32_BIT_CONVERSION = YES;
				GCC_WARN_ABOUT_RETURN_TYPE = YES_ERROR;
				GCC_WARN_UNDECLARED_SELECTOR = YES;
				GCC_WARN_UNINITIALIZED_AUTOS = YES_AGGRESSIVE;
				GCC_WARN_UNUSED_FUNCTION = YES;
				GCC_WARN_UNUSED_VARIABLE = YES;
				IPHONEOS_DEPLOYMENT_TARGET = 14.0;
				MTL_ENABLE_DEBUG_INFO = INCLUDE_SOURCE;
				MTL_FAST_MATH = YES;
				ONLY_ACTIVE_ARCH = YES;
				SDKROOT = iphoneos;
				SWIFT_ACTIVE_COMPILATION_CONDITIONS = DEBUG;
				SWIFT_OPTIMIZATION_LEVEL = "-Onone";
			};
			name = Debug;
		};
		52696DAC29362F7900D4EB60 /* Release */ = {
			isa = XCBuildConfiguration;
			buildSettings = {
				ALWAYS_SEARCH_USER_PATHS = NO;
				CLANG_ANALYZER_NONNULL = YES;
				CLANG_ANALYZER_NUMBER_OBJECT_CONVERSION = YES_AGGRESSIVE;
				CLANG_CXX_LANGUAGE_STANDARD = "gnu++14";
				CLANG_CXX_LIBRARY = "libc++";
				CLANG_ENABLE_MODULES = YES;
				CLANG_ENABLE_OBJC_ARC = YES;
				CLANG_ENABLE_OBJC_WEAK = YES;
				CLANG_WARN_BLOCK_CAPTURE_AUTORELEASING = YES;
				CLANG_WARN_BOOL_CONVERSION = YES;
				CLANG_WARN_COMMA = YES;
				CLANG_WARN_CONSTANT_CONVERSION = YES;
				CLANG_WARN_DEPRECATED_OBJC_IMPLEMENTATIONS = YES;
				CLANG_WARN_DIRECT_OBJC_ISA_USAGE = YES_ERROR;
				CLANG_WARN_DOCUMENTATION_COMMENTS = YES;
				CLANG_WARN_EMPTY_BODY = YES;
				CLANG_WARN_ENUM_CONVERSION = YES;
				CLANG_WARN_INFINITE_RECURSION = YES;
				CLANG_WARN_INT_CONVERSION = YES;
				CLANG_WARN_NON_LITERAL_NULL_CONVERSION = YES;
				CLANG_WARN_OBJC_IMPLICIT_RETAIN_SELF = YES;
				CLANG_WARN_OBJC_LITERAL_CONVERSION = YES;
				CLANG_WARN_OBJC_ROOT_CLASS = YES_ERROR;
				CLANG_WARN_QUOTED_INCLUDE_IN_FRAMEWORK_HEADER = YES;
				CLANG_WARN_RANGE_LOOP_ANALYSIS = YES;
				CLANG_WARN_STRICT_PROTOTYPES = YES;
				CLANG_WARN_SUSPICIOUS_MOVE = YES;
				CLANG_WARN_UNGUARDED_AVAILABILITY = YES_AGGRESSIVE;
				CLANG_WARN_UNREACHABLE_CODE = YES;
				CLANG_WARN__DUPLICATE_METHOD_MATCH = YES;
				COPY_PHASE_STRIP = NO;
				DEBUG_INFORMATION_FORMAT = "dwarf-with-dsym";
				ENABLE_NS_ASSERTIONS = NO;
				ENABLE_STRICT_OBJC_MSGSEND = YES;
				GCC_C_LANGUAGE_STANDARD = gnu11;
				GCC_NO_COMMON_BLOCKS = YES;
				GCC_WARN_64_TO_32_BIT_CONVERSION = YES;
				GCC_WARN_ABOUT_RETURN_TYPE = YES_ERROR;
				GCC_WARN_UNDECLARED_SELECTOR = YES;
				GCC_WARN_UNINITIALIZED_AUTOS = YES_AGGRESSIVE;
				GCC_WARN_UNUSED_FUNCTION = YES;
				GCC_WARN_UNUSED_VARIABLE = YES;
				IPHONEOS_DEPLOYMENT_TARGET = 14.0;
				MTL_ENABLE_DEBUG_INFO = NO;
				MTL_FAST_MATH = YES;
				SDKROOT = iphoneos;
				SWIFT_COMPILATION_MODE = wholemodule;
				SWIFT_OPTIMIZATION_LEVEL = "-O";
				VALIDATE_PRODUCT = YES;
			};
			name = Release;
		};
		52696DAE29362F7900D4EB60 /* Debug */ = {
			isa = XCBuildConfiguration;
			baseConfigurationReference = 93C16313DF8AC0702ED3B956 /* Pods-omninosIosTest.debug.xcconfig */;
			buildSettings = {
				ASSETCATALOG_COMPILER_APPICON_NAME = AppIcon;
				ASSETCATALOG_COMPILER_GLOBAL_ACCENT_COLOR_NAME = AccentColor;
				CODE_SIGN_STYLE = Automatic;
				DEVELOPMENT_TEAM = 23URN99DK2;
				INFOPLIST_FILE = omninosIosTest/Info.plist;
				LD_RUNPATH_SEARCH_PATHS = (
					"$(inherited)",
					"@executable_path/Frameworks",
				);
				PRODUCT_BUNDLE_IDENTIFIER = prince.rana.creations.omninosIosTest;
				PRODUCT_NAME = "$(TARGET_NAME)";
				SWIFT_VERSION = 5.0;
				TARGETED_DEVICE_FAMILY = "1,2";
			};
			name = Debug;
		};
		52696DAF29362F7900D4EB60 /* Release */ = {
			isa = XCBuildConfiguration;
			baseConfigurationReference = DE96C4CF9BD3EB0D97D51906 /* Pods-omninosIosTest.release.xcconfig */;
			buildSettings = {
				ASSETCATALOG_COMPILER_APPICON_NAME = AppIcon;
				ASSETCATALOG_COMPILER_GLOBAL_ACCENT_COLOR_NAME = AccentColor;
				CODE_SIGN_STYLE = Automatic;
				DEVELOPMENT_TEAM = 23URN99DK2;
				INFOPLIST_FILE = omninosIosTest/Info.plist;
				LD_RUNPATH_SEARCH_PATHS = (
					"$(inherited)",
					"@executable_path/Frameworks",
				);
				PRODUCT_BUNDLE_IDENTIFIER = prince.rana.creations.omninosIosTest;
				PRODUCT_NAME = "$(TARGET_NAME)";
				SWIFT_VERSION = 5.0;
				TARGETED_DEVICE_FAMILY = "1,2";
			};
			name = Release;
		};
/* End XCBuildConfiguration section */

/* Begin XCConfigurationList section */
		52696D9429362F7700D4EB60 /* Build configuration list for PBXProject "omninosIosTest" */ = {
			isa = XCConfigurationList;
			buildConfigurations = (
				52696DAB29362F7900D4EB60 /* Debug */,
				52696DAC29362F7900D4EB60 /* Release */,
			);
			defaultConfigurationIsVisible = 0;
			defaultConfigurationName = Release;
		};
		52696DAD29362F7900D4EB60 /* Build configuration list for PBXNativeTarget "omninosIosTest" */ = {
			isa = XCConfigurationList;
			buildConfigurations = (
				52696DAE29362F7900D4EB60 /* Debug */,
				52696DAF29362F7900D4EB60 /* Release */,
			);
			defaultConfigurationIsVisible = 0;
			defaultConfigurationName = Release;
		};
/* End XCConfigurationList section */
	};
	rootObject = 52696D9129362F7700D4EB60 /* Project object */;
}
